
Microsoft Visual Studio Solution File, Format Version 12.00
Project("{FAE04EC0-301F-11D3-BF4B-00C04F79EFBC}") = "Storefront.Api", "Storefront.Api\Storefront.Api.csproj", "{F15A9477-606B-4518-B5C1-5C736DE51229}"
EndProject
Global
	GlobalSection(SolutionConfigurationPlatforms) = preSolution
		Debug|Any CPU = Debug|Any CPU
		Release|Any CPU = Release|Any CPU
	EndGlobalSection
	GlobalSection(ProjectConfigurationPlatforms) = postSolution
		{F15A9477-606B-4518-B5C1-5C736DE51229}.Debug|Any CPU.ActiveCfg = Debug|Any CPU
		{F15A9477-606B-4518-B5C1-5C736DE51229}.Debug|Any CPU.Build.0 = Debug|Any CPU
		{F15A9477-606B-4518-B5C1-5C736DE51229}.Release|Any CPU.ActiveCfg = Release|Any CPU
		{F15A9477-606B-4518-B5C1-5C736DE51229}.Release|Any CPU.Build.0 = Release|Any CPU
	EndGlobalSection
EndGlobal
